
Microsoft Visual Studio Solution File, Format Version 12.00
# Visual Studio 2012
Project("{F2A71F9B-5D33-465A-A702-920D77279786}") = "Core", "Core\Core.fsproj", "{ED34DF08-89C0-407B-A716-B42E45B12B6D}"
EndProject
Project("{2150E333-8FDC-42A3-9474-1A3956D46DE8}") = "Build", "Build", "{5E70CDD0-21EB-45AB-BA5B-D25382377058}"
	ProjectSection(SolutionItems) = preProject
		AssemblyInfoBase.fs = AssemblyInfoBase.fs
		AssemblyInfoBase.vb = AssemblyInfoBase.vb
		Build.proj = Build.proj
		DevelopmentUtlities\sql\rk_scratch.sql = DevelopmentUtlities\sql\rk_scratch.sql
		UploadInstallers.script = UploadInstallers.script
		VersionBase.wxi = VersionBase.wxi
	EndProjectSection
EndProject
Project("{2150E333-8FDC-42A3-9474-1A3956D46DE8}") = ".nuget", ".nuget", "{D8C4586C-9704-4381-96E3-9E756AC499A2}"
EndProject
Project("{F184B08F-C81C-45F6-A57F-5ABD9991F28F}") = "Entities", "Entities\Entities.vbproj", "{07CD111F-A557-4EAB-9B5A-0138C29F133D}"
EndProject
Project("{F2A71F9B-5D33-465A-A702-920D77279786}") = "Store", "Store\Store.fsproj", "{E3002A3B-D82C-4EA7-B32C-C2FB7596E5BB}"
EndProject
Project("{F2A71F9B-5D33-465A-A702-920D77279786}") = "Common", "Common\Common.fsproj", "{124A1E80-DA25-4D25-BF99-27AE385AF728}"
EndProject
Project("{F2A71F9B-5D33-465A-A702-920D77279786}") = "Upgrade", "Upgrade\Upgrade.fsproj", "{2C82A8FE-DEEE-4CDB-AB90-F81909F1239D}"
EndProject
Project("{F2A71F9B-5D33-465A-A702-920D77279786}") = "Controls", "Controls\Controls.fsproj", "{76B2B0F9-8C16-4F29-A342-16C39FD62EF8}"
EndProject
Project("{F2A71F9B-5D33-465A-A702-920D77279786}") = "Collector", "Collector\Collector.fsproj", "{CDDDDFBE-2FFE-46BB-AF87-41B1873CAAC3}"
EndProject
Project("{F2A71F9B-5D33-465A-A702-920D77279786}") = "Aware", "Aware\Aware.fsproj", "{C0D42AD8-BB8A-4CFB-B1DE-05A3D3C7E08B}"
EndProject
Project("{F2A71F9B-5D33-465A-A702-920D77279786}") = "Check", "Check\Check.fsproj", "{74B4DF9D-7C09-4005-9305-1A226C764463}"
EndProject
Project("{F2A71F9B-5D33-465A-A702-920D77279786}") = "deep", "deep\deep.fsproj", "{A80E5F31-509B-4C53-AFF7-E1EE4DAEDAB3}"
EndProject
Project("{F2A71F9B-5D33-465A-A702-920D77279786}") = "DevelopmentUtlities", "DevelopmentUtlities\DevelopmentUtlities.fsproj", "{2256ED15-2773-49F2-AB95-3D893CBFBF0F}"
EndProject
Project("{F2A71F9B-5D33-465A-A702-920D77279786}") = "Exporter", "Exporter\Exporter.fsproj", "{C8E9A26E-EF12-4A61-91E7-E92C8BF2C9C6}"
EndProject
Project("{F2A71F9B-5D33-465A-A702-920D77279786}") = "mbroadcast", "mbroadcast\mbroadcast.fsproj", "{3614A308-9C7A-45D7-AD5A-1ECC21F6DAB8}"
EndProject
Project("{F2A71F9B-5D33-465A-A702-920D77279786}") = "SampleWatch", "SampleWatch\SampleWatch.fsproj", "{86E14BBD-B2B8-4A9D-8E24-D177BC130D61}"
EndProject
Project("{F2A71F9B-5D33-465A-A702-920D77279786}") = "StoreTests", "StoreTests\StoreTests.fsproj", "{40B93980-8DF4-4EE1-B5A2-6762DBE63B31}"
EndProject
Project("{930C7802-8A8C-48F9-8165-68863BCCD9DD}") = "AwareSetup", "AwareSetup\AwareSetup.wixproj", "{2D35A382-E73F-4F10-BDD0-AED372A6230A}"
EndProject
Project("{930C7802-8A8C-48F9-8165-68863BCCD9DD}") = "AwareBundle", "AwareBundle\AwareBundle.wixproj", "{10B6F3F9-DADE-42C7-87F1-0EE9B504D9A1}"
EndProject
Global
	GlobalSection(SolutionConfigurationPlatforms) = preSolution
		Debug|Any CPU = Debug|Any CPU
		Debug|Mixed Platforms = Debug|Mixed Platforms
		Debug|x86 = Debug|x86
		Development|Any CPU = Development|Any CPU
		Development|Mixed Platforms = Development|Mixed Platforms
		Development|x86 = Development|x86
		Release|Any CPU = Release|Any CPU
		Release|Mixed Platforms = Release|Mixed Platforms
		Release|x86 = Release|x86
	EndGlobalSection
	GlobalSection(ProjectConfigurationPlatforms) = postSolution
		{ED34DF08-89C0-407B-A716-B42E45B12B6D}.Debug|Any CPU.ActiveCfg = Debug|Any CPU
		{ED34DF08-89C0-407B-A716-B42E45B12B6D}.Debug|Any CPU.Build.0 = Debug|Any CPU
		{ED34DF08-89C0-407B-A716-B42E45B12B6D}.Debug|Mixed Platforms.ActiveCfg = Debug|Any CPU
		{ED34DF08-89C0-407B-A716-B42E45B12B6D}.Debug|Mixed Platforms.Build.0 = Debug|Any CPU
		{ED34DF08-89C0-407B-A716-B42E45B12B6D}.Debug|x86.ActiveCfg = Debug|Any CPU
		{ED34DF08-89C0-407B-A716-B42E45B12B6D}.Development|Any CPU.ActiveCfg = Debug|Any CPU
		{ED34DF08-89C0-407B-A716-B42E45B12B6D}.Development|Any CPU.Build.0 = Debug|Any CPU
		{ED34DF08-89C0-407B-A716-B42E45B12B6D}.Development|Mixed Platforms.ActiveCfg = Debug|Any CPU
		{ED34DF08-89C0-407B-A716-B42E45B12B6D}.Development|Mixed Platforms.Build.0 = Debug|Any CPU
		{ED34DF08-89C0-407B-A716-B42E45B12B6D}.Development|x86.ActiveCfg = Debug|Any CPU
		{ED34DF08-89C0-407B-A716-B42E45B12B6D}.Release|Any CPU.ActiveCfg = Release|Any CPU
		{ED34DF08-89C0-407B-A716-B42E45B12B6D}.Release|Any CPU.Build.0 = Release|Any CPU
		{ED34DF08-89C0-407B-A716-B42E45B12B6D}.Release|Mixed Platforms.ActiveCfg = Release|Any CPU
		{ED34DF08-89C0-407B-A716-B42E45B12B6D}.Release|Mixed Platforms.Build.0 = Release|Any CPU
		{ED34DF08-89C0-407B-A716-B42E45B12B6D}.Release|x86.ActiveCfg = Release|Any CPU
		{07CD111F-A557-4EAB-9B5A-0138C29F133D}.Debug|Any CPU.ActiveCfg = Debug|Any CPU
		{07CD111F-A557-4EAB-9B5A-0138C29F133D}.Debug|Any CPU.Build.0 = Debug|Any CPU
		{07CD111F-A557-4EAB-9B5A-0138C29F133D}.Debug|Mixed Platforms.ActiveCfg = Debug|Any CPU
		{07CD111F-A557-4EAB-9B5A-0138C29F133D}.Debug|Mixed Platforms.Build.0 = Debug|Any CPU
		{07CD111F-A557-4EAB-9B5A-0138C29F133D}.Debug|x86.ActiveCfg = Debug|Any CPU
		{07CD111F-A557-4EAB-9B5A-0138C29F133D}.Development|Any CPU.ActiveCfg = Debug|Any CPU
		{07CD111F-A557-4EAB-9B5A-0138C29F133D}.Development|Any CPU.Build.0 = Debug|Any CPU
		{07CD111F-A557-4EAB-9B5A-0138C29F133D}.Development|Mixed Platforms.ActiveCfg = Debug|Any CPU
		{07CD111F-A557-4EAB-9B5A-0138C29F133D}.Development|Mixed Platforms.Build.0 = Debug|Any CPU
		{07CD111F-A557-4EAB-9B5A-0138C29F133D}.Development|x86.ActiveCfg = Debug|Any CPU
		{07CD111F-A557-4EAB-9B5A-0138C29F133D}.Release|Any CPU.ActiveCfg = Release|Any CPU
		{07CD111F-A557-4EAB-9B5A-0138C29F133D}.Release|Any CPU.Build.0 = Release|Any CPU
		{07CD111F-A557-4EAB-9B5A-0138C29F133D}.Release|Mixed Platforms.ActiveCfg = Release|Any CPU
		{07CD111F-A557-4EAB-9B5A-0138C29F133D}.Release|Mixed Platforms.Build.0 = Release|Any CPU
		{07CD111F-A557-4EAB-9B5A-0138C29F133D}.Release|x86.ActiveCfg = Release|Any CPU
		{E3002A3B-D82C-4EA7-B32C-C2FB7596E5BB}.Debug|Any CPU.ActiveCfg = Debug|Any CPU
		{E3002A3B-D82C-4EA7-B32C-C2FB7596E5BB}.Debug|Any CPU.Build.0 = Debug|Any CPU
		{E3002A3B-D82C-4EA7-B32C-C2FB7596E5BB}.Debug|Mixed Platforms.ActiveCfg = Debug|Any CPU
		{E3002A3B-D82C-4EA7-B32C-C2FB7596E5BB}.Debug|Mixed Platforms.Build.0 = Debug|Any CPU
		{E3002A3B-D82C-4EA7-B32C-C2FB7596E5BB}.Debug|x86.ActiveCfg = Debug|Any CPU
		{E3002A3B-D82C-4EA7-B32C-C2FB7596E5BB}.Development|Any CPU.ActiveCfg = Debug|Any CPU
		{E3002A3B-D82C-4EA7-B32C-C2FB7596E5BB}.Development|Any CPU.Build.0 = Debug|Any CPU
		{E3002A3B-D82C-4EA7-B32C-C2FB7596E5BB}.Development|Mixed Platforms.ActiveCfg = Debug|Any CPU
		{E3002A3B-D82C-4EA7-B32C-C2FB7596E5BB}.Development|Mixed Platforms.Build.0 = Debug|Any CPU
		{E3002A3B-D82C-4EA7-B32C-C2FB7596E5BB}.Development|x86.ActiveCfg = Debug|Any CPU
		{E3002A3B-D82C-4EA7-B32C-C2FB7596E5BB}.Release|Any CPU.ActiveCfg = Release|Any CPU
		{E3002A3B-D82C-4EA7-B32C-C2FB7596E5BB}.Release|Any CPU.Build.0 = Release|Any CPU
		{E3002A3B-D82C-4EA7-B32C-C2FB7596E5BB}.Release|Mixed Platforms.ActiveCfg = Release|Any CPU
		{E3002A3B-D82C-4EA7-B32C-C2FB7596E5BB}.Release|Mixed Platforms.Build.0 = Release|Any CPU
		{E3002A3B-D82C-4EA7-B32C-C2FB7596E5BB}.Release|x86.ActiveCfg = Release|Any CPU
		{124A1E80-DA25-4D25-BF99-27AE385AF728}.Debug|Any CPU.ActiveCfg = Debug|Any CPU
		{124A1E80-DA25-4D25-BF99-27AE385AF728}.Debug|Any CPU.Build.0 = Debug|Any CPU
		{124A1E80-DA25-4D25-BF99-27AE385AF728}.Debug|Mixed Platforms.ActiveCfg = Debug|Any CPU
		{124A1E80-DA25-4D25-BF99-27AE385AF728}.Debug|Mixed Platforms.Build.0 = Debug|Any CPU
		{124A1E80-DA25-4D25-BF99-27AE385AF728}.Debug|x86.ActiveCfg = Debug|Any CPU
		{124A1E80-DA25-4D25-BF99-27AE385AF728}.Development|Any CPU.ActiveCfg = Debug|Any CPU
		{124A1E80-DA25-4D25-BF99-27AE385AF728}.Development|Any CPU.Build.0 = Debug|Any CPU
		{124A1E80-DA25-4D25-BF99-27AE385AF728}.Development|Mixed Platforms.ActiveCfg = Debug|Any CPU
		{124A1E80-DA25-4D25-BF99-27AE385AF728}.Development|Mixed Platforms.Build.0 = Debug|Any CPU
		{124A1E80-DA25-4D25-BF99-27AE385AF728}.Development|x86.ActiveCfg = Debug|Any CPU
		{124A1E80-DA25-4D25-BF99-27AE385AF728}.Release|Any CPU.ActiveCfg = Release|Any CPU
		{124A1E80-DA25-4D25-BF99-27AE385AF728}.Release|Any CPU.Build.0 = Release|Any CPU
		{124A1E80-DA25-4D25-BF99-27AE385AF728}.Release|Mixed Platforms.ActiveCfg = Release|Any CPU
		{124A1E80-DA25-4D25-BF99-27AE385AF728}.Release|Mixed Platforms.Build.0 = Release|Any CPU
		{124A1E80-DA25-4D25-BF99-27AE385AF728}.Release|x86.ActiveCfg = Release|Any CPU
		{2C82A8FE-DEEE-4CDB-AB90-F81909F1239D}.Debug|Any CPU.ActiveCfg = Debug|Any CPU
		{2C82A8FE-DEEE-4CDB-AB90-F81909F1239D}.Debug|Any CPU.Build.0 = Debug|Any CPU
		{2C82A8FE-DEEE-4CDB-AB90-F81909F1239D}.Debug|Mixed Platforms.ActiveCfg = Debug|Any CPU
		{2C82A8FE-DEEE-4CDB-AB90-F81909F1239D}.Debug|Mixed Platforms.Build.0 = Debug|Any CPU
		{2C82A8FE-DEEE-4CDB-AB90-F81909F1239D}.Debug|x86.ActiveCfg = Debug|Any CPU
		{2C82A8FE-DEEE-4CDB-AB90-F81909F1239D}.Development|Any CPU.ActiveCfg = Debug|Any CPU
		{2C82A8FE-DEEE-4CDB-AB90-F81909F1239D}.Development|Any CPU.Build.0 = Debug|Any CPU
		{2C82A8FE-DEEE-4CDB-AB90-F81909F1239D}.Development|Mixed Platforms.ActiveCfg = Debug|Any CPU
		{2C82A8FE-DEEE-4CDB-AB90-F81909F1239D}.Development|Mixed Platforms.Build.0 = Debug|Any CPU
		{2C82A8FE-DEEE-4CDB-AB90-F81909F1239D}.Development|x86.ActiveCfg = Debug|Any CPU
		{2C82A8FE-DEEE-4CDB-AB90-F81909F1239D}.Release|Any CPU.ActiveCfg = Release|Any CPU
		{2C82A8FE-DEEE-4CDB-AB90-F81909F1239D}.Release|Any CPU.Build.0 = Release|Any CPU
		{2C82A8FE-DEEE-4CDB-AB90-F81909F1239D}.Release|Mixed Platforms.ActiveCfg = Release|Any CPU
		{2C82A8FE-DEEE-4CDB-AB90-F81909F1239D}.Release|Mixed Platforms.Build.0 = Release|Any CPU
		{2C82A8FE-DEEE-4CDB-AB90-F81909F1239D}.Release|x86.ActiveCfg = Release|Any CPU
		{76B2B0F9-8C16-4F29-A342-16C39FD62EF8}.Debug|Any CPU.ActiveCfg = Debug|Any CPU
		{76B2B0F9-8C16-4F29-A342-16C39FD62EF8}.Debug|Any CPU.Build.0 = Debug|Any CPU
		{76B2B0F9-8C16-4F29-A342-16C39FD62EF8}.Debug|Mixed Platforms.ActiveCfg = Debug|Any CPU
		{76B2B0F9-8C16-4F29-A342-16C39FD62EF8}.Debug|Mixed Platforms.Build.0 = Debug|Any CPU
		{76B2B0F9-8C16-4F29-A342-16C39FD62EF8}.Debug|x86.ActiveCfg = Debug|Any CPU
		{76B2B0F9-8C16-4F29-A342-16C39FD62EF8}.Development|Any CPU.ActiveCfg = Debug|Any CPU
		{76B2B0F9-8C16-4F29-A342-16C39FD62EF8}.Development|Any CPU.Build.0 = Debug|Any CPU
		{76B2B0F9-8C16-4F29-A342-16C39FD62EF8}.Development|Mixed Platforms.ActiveCfg = Debug|Any CPU
		{76B2B0F9-8C16-4F29-A342-16C39FD62EF8}.Development|Mixed Platforms.Build.0 = Debug|Any CPU
		{76B2B0F9-8C16-4F29-A342-16C39FD62EF8}.Development|x86.ActiveCfg = Debug|Any CPU
		{76B2B0F9-8C16-4F29-A342-16C39FD62EF8}.Release|Any CPU.ActiveCfg = Release|Any CPU
		{76B2B0F9-8C16-4F29-A342-16C39FD62EF8}.Release|Any CPU.Build.0 = Release|Any CPU
		{76B2B0F9-8C16-4F29-A342-16C39FD62EF8}.Release|Mixed Platforms.ActiveCfg = Release|Any CPU
		{76B2B0F9-8C16-4F29-A342-16C39FD62EF8}.Release|Mixed Platforms.Build.0 = Release|Any CPU
		{76B2B0F9-8C16-4F29-A342-16C39FD62EF8}.Release|x86.ActiveCfg = Release|Any CPU
		{CDDDDFBE-2FFE-46BB-AF87-41B1873CAAC3}.Debug|Any CPU.ActiveCfg = Debug|Any CPU
		{CDDDDFBE-2FFE-46BB-AF87-41B1873CAAC3}.Debug|Any CPU.Build.0 = Debug|Any CPU
		{CDDDDFBE-2FFE-46BB-AF87-41B1873CAAC3}.Debug|Mixed Platforms.ActiveCfg = Debug|x86
		{CDDDDFBE-2FFE-46BB-AF87-41B1873CAAC3}.Debug|Mixed Platforms.Build.0 = Debug|x86
		{CDDDDFBE-2FFE-46BB-AF87-41B1873CAAC3}.Debug|x86.ActiveCfg = Debug|x86
		{CDDDDFBE-2FFE-46BB-AF87-41B1873CAAC3}.Debug|x86.Build.0 = Debug|x86
		{CDDDDFBE-2FFE-46BB-AF87-41B1873CAAC3}.Development|Any CPU.ActiveCfg = Debug|Any CPU
		{CDDDDFBE-2FFE-46BB-AF87-41B1873CAAC3}.Development|Any CPU.Build.0 = Debug|Any CPU
		{CDDDDFBE-2FFE-46BB-AF87-41B1873CAAC3}.Development|Mixed Platforms.ActiveCfg = Debug|x86
		{CDDDDFBE-2FFE-46BB-AF87-41B1873CAAC3}.Development|Mixed Platforms.Build.0 = Debug|x86
		{CDDDDFBE-2FFE-46BB-AF87-41B1873CAAC3}.Development|x86.ActiveCfg = Debug|x86
		{CDDDDFBE-2FFE-46BB-AF87-41B1873CAAC3}.Development|x86.Build.0 = Debug|x86
		{CDDDDFBE-2FFE-46BB-AF87-41B1873CAAC3}.Release|Any CPU.ActiveCfg = Release|Any CPU
		{CDDDDFBE-2FFE-46BB-AF87-41B1873CAAC3}.Release|Any CPU.Build.0 = Release|Any CPU
		{CDDDDFBE-2FFE-46BB-AF87-41B1873CAAC3}.Release|Mixed Platforms.ActiveCfg = Release|x86
		{CDDDDFBE-2FFE-46BB-AF87-41B1873CAAC3}.Release|Mixed Platforms.Build.0 = Release|x86
		{CDDDDFBE-2FFE-46BB-AF87-41B1873CAAC3}.Release|x86.ActiveCfg = Release|x86
		{CDDDDFBE-2FFE-46BB-AF87-41B1873CAAC3}.Release|x86.Build.0 = Release|x86
		{C0D42AD8-BB8A-4CFB-B1DE-05A3D3C7E08B}.Debug|Any CPU.ActiveCfg = Debug|Any CPU
		{C0D42AD8-BB8A-4CFB-B1DE-05A3D3C7E08B}.Debug|Any CPU.Build.0 = Debug|Any CPU
		{C0D42AD8-BB8A-4CFB-B1DE-05A3D3C7E08B}.Debug|Mixed Platforms.ActiveCfg = Debug|Any CPU
		{C0D42AD8-BB8A-4CFB-B1DE-05A3D3C7E08B}.Debug|Mixed Platforms.Build.0 = Debug|Any CPU
		{C0D42AD8-BB8A-4CFB-B1DE-05A3D3C7E08B}.Debug|x86.ActiveCfg = Debug|Any CPU
		{C0D42AD8-BB8A-4CFB-B1DE-05A3D3C7E08B}.Development|Any CPU.ActiveCfg = Debug|Any CPU
		{C0D42AD8-BB8A-4CFB-B1DE-05A3D3C7E08B}.Development|Any CPU.Build.0 = Debug|Any CPU
		{C0D42AD8-BB8A-4CFB-B1DE-05A3D3C7E08B}.Development|Mixed Platforms.ActiveCfg = Debug|Any CPU
		{C0D42AD8-BB8A-4CFB-B1DE-05A3D3C7E08B}.Development|Mixed Platforms.Build.0 = Debug|Any CPU
		{C0D42AD8-BB8A-4CFB-B1DE-05A3D3C7E08B}.Development|x86.ActiveCfg = Debug|Any CPU
		{C0D42AD8-BB8A-4CFB-B1DE-05A3D3C7E08B}.Release|Any CPU.ActiveCfg = Release|Any CPU
		{C0D42AD8-BB8A-4CFB-B1DE-05A3D3C7E08B}.Release|Any CPU.Build.0 = Release|Any CPU
		{C0D42AD8-BB8A-4CFB-B1DE-05A3D3C7E08B}.Release|Mixed Platforms.ActiveCfg = Release|Any CPU
		{C0D42AD8-BB8A-4CFB-B1DE-05A3D3C7E08B}.Release|Mixed Platforms.Build.0 = Release|Any CPU
		{C0D42AD8-BB8A-4CFB-B1DE-05A3D3C7E08B}.Release|x86.ActiveCfg = Release|Any CPU
		{74B4DF9D-7C09-4005-9305-1A226C764463}.Debug|Any CPU.ActiveCfg = Debug|Any CPU
		{74B4DF9D-7C09-4005-9305-1A226C764463}.Debug|Any CPU.Build.0 = Debug|Any CPU
		{74B4DF9D-7C09-4005-9305-1A226C764463}.Debug|Mixed Platforms.ActiveCfg = Debug|Any CPU
		{74B4DF9D-7C09-4005-9305-1A226C764463}.Debug|Mixed Platforms.Build.0 = Debug|Any CPU
		{74B4DF9D-7C09-4005-9305-1A226C764463}.Debug|x86.ActiveCfg = Debug|Any CPU
		{74B4DF9D-7C09-4005-9305-1A226C764463}.Development|Any CPU.ActiveCfg = Debug|Any CPU
		{74B4DF9D-7C09-4005-9305-1A226C764463}.Development|Any CPU.Build.0 = Debug|Any CPU
		{74B4DF9D-7C09-4005-9305-1A226C764463}.Development|Mixed Platforms.ActiveCfg = Debug|Any CPU
		{74B4DF9D-7C09-4005-9305-1A226C764463}.Development|Mixed Platforms.Build.0 = Debug|Any CPU
		{74B4DF9D-7C09-4005-9305-1A226C764463}.Development|x86.ActiveCfg = Debug|Any CPU
		{74B4DF9D-7C09-4005-9305-1A226C764463}.Release|Any CPU.ActiveCfg = Release|Any CPU
		{74B4DF9D-7C09-4005-9305-1A226C764463}.Release|Any CPU.Build.0 = Release|Any CPU
		{74B4DF9D-7C09-4005-9305-1A226C764463}.Release|Mixed Platforms.ActiveCfg = Release|Any CPU
		{74B4DF9D-7C09-4005-9305-1A226C764463}.Release|Mixed Platforms.Build.0 = Release|Any CPU
		{74B4DF9D-7C09-4005-9305-1A226C764463}.Release|x86.ActiveCfg = Release|Any CPU
		{A80E5F31-509B-4C53-AFF7-E1EE4DAEDAB3}.Debug|Any CPU.ActiveCfg = Debug|Any CPU
		{A80E5F31-509B-4C53-AFF7-E1EE4DAEDAB3}.Debug|Any CPU.Build.0 = Debug|Any CPU
		{A80E5F31-509B-4C53-AFF7-E1EE4DAEDAB3}.Debug|Mixed Platforms.ActiveCfg = Debug|Any CPU
		{A80E5F31-509B-4C53-AFF7-E1EE4DAEDAB3}.Debug|Mixed Platforms.Build.0 = Debug|Any CPU
		{A80E5F31-509B-4C53-AFF7-E1EE4DAEDAB3}.Debug|x86.ActiveCfg = Debug|Any CPU
		{A80E5F31-509B-4C53-AFF7-E1EE4DAEDAB3}.Development|Any CPU.ActiveCfg = Debug|Any CPU
		{A80E5F31-509B-4C53-AFF7-E1EE4DAEDAB3}.Development|Any CPU.Build.0 = Debug|Any CPU
		{A80E5F31-509B-4C53-AFF7-E1EE4DAEDAB3}.Development|Mixed Platforms.ActiveCfg = Debug|Any CPU
		{A80E5F31-509B-4C53-AFF7-E1EE4DAEDAB3}.Development|Mixed Platforms.Build.0 = Debug|Any CPU
		{A80E5F31-509B-4C53-AFF7-E1EE4DAEDAB3}.Development|x86.ActiveCfg = Debug|Any CPU
		{A80E5F31-509B-4C53-AFF7-E1EE4DAEDAB3}.Release|Any CPU.ActiveCfg = Release|Any CPU
		{A80E5F31-509B-4C53-AFF7-E1EE4DAEDAB3}.Release|Any CPU.Build.0 = Release|Any CPU
		{A80E5F31-509B-4C53-AFF7-E1EE4DAEDAB3}.Release|Mixed Platforms.ActiveCfg = Release|Any CPU
		{A80E5F31-509B-4C53-AFF7-E1EE4DAEDAB3}.Release|Mixed Platforms.Build.0 = Release|Any CPU
		{A80E5F31-509B-4C53-AFF7-E1EE4DAEDAB3}.Release|x86.ActiveCfg = Release|Any CPU
		{2256ED15-2773-49F2-AB95-3D893CBFBF0F}.Debug|Any CPU.ActiveCfg = Debug|Any CPU
		{2256ED15-2773-49F2-AB95-3D893CBFBF0F}.Debug|Any CPU.Build.0 = Debug|Any CPU
		{2256ED15-2773-49F2-AB95-3D893CBFBF0F}.Debug|Mixed Platforms.ActiveCfg = Debug|Any CPU
		{2256ED15-2773-49F2-AB95-3D893CBFBF0F}.Debug|Mixed Platforms.Build.0 = Debug|Any CPU
		{2256ED15-2773-49F2-AB95-3D893CBFBF0F}.Debug|x86.ActiveCfg = Debug|Any CPU
		{2256ED15-2773-49F2-AB95-3D893CBFBF0F}.Development|Any CPU.ActiveCfg = Debug|Any CPU
		{2256ED15-2773-49F2-AB95-3D893CBFBF0F}.Development|Any CPU.Build.0 = Debug|Any CPU
		{2256ED15-2773-49F2-AB95-3D893CBFBF0F}.Development|Mixed Platforms.ActiveCfg = Debug|Any CPU
		{2256ED15-2773-49F2-AB95-3D893CBFBF0F}.Development|Mixed Platforms.Build.0 = Debug|Any CPU
		{2256ED15-2773-49F2-AB95-3D893CBFBF0F}.Development|x86.ActiveCfg = Debug|Any CPU
		{2256ED15-2773-49F2-AB95-3D893CBFBF0F}.Release|Any CPU.ActiveCfg = Release|Any CPU
		{2256ED15-2773-49F2-AB95-3D893CBFBF0F}.Release|Any CPU.Build.0 = Release|Any CPU
		{2256ED15-2773-49F2-AB95-3D893CBFBF0F}.Release|Mixed Platforms.ActiveCfg = Release|Any CPU
		{2256ED15-2773-49F2-AB95-3D893CBFBF0F}.Release|Mixed Platforms.Build.0 = Release|Any CPU
		{2256ED15-2773-49F2-AB95-3D893CBFBF0F}.Release|x86.ActiveCfg = Release|Any CPU
		{C8E9A26E-EF12-4A61-91E7-E92C8BF2C9C6}.Debug|Any CPU.ActiveCfg = Debug|Any CPU
		{C8E9A26E-EF12-4A61-91E7-E92C8BF2C9C6}.Debug|Any CPU.Build.0 = Debug|Any CPU
		{C8E9A26E-EF12-4A61-91E7-E92C8BF2C9C6}.Debug|Mixed Platforms.ActiveCfg = Debug|Any CPU
		{C8E9A26E-EF12-4A61-91E7-E92C8BF2C9C6}.Debug|Mixed Platforms.Build.0 = Debug|Any CPU
		{C8E9A26E-EF12-4A61-91E7-E92C8BF2C9C6}.Debug|x86.ActiveCfg = Debug|Any CPU
		{C8E9A26E-EF12-4A61-91E7-E92C8BF2C9C6}.Development|Any CPU.ActiveCfg = Debug|Any CPU
		{C8E9A26E-EF12-4A61-91E7-E92C8BF2C9C6}.Development|Any CPU.Build.0 = Debug|Any CPU
		{C8E9A26E-EF12-4A61-91E7-E92C8BF2C9C6}.Development|Mixed Platforms.ActiveCfg = Debug|Any CPU
		{C8E9A26E-EF12-4A61-91E7-E92C8BF2C9C6}.Development|Mixed Platforms.Build.0 = Debug|Any CPU
		{C8E9A26E-EF12-4A61-91E7-E92C8BF2C9C6}.Development|x86.ActiveCfg = Debug|Any CPU
		{C8E9A26E-EF12-4A61-91E7-E92C8BF2C9C6}.Release|Any CPU.ActiveCfg = Release|Any CPU
		{C8E9A26E-EF12-4A61-91E7-E92C8BF2C9C6}.Release|Any CPU.Build.0 = Release|Any CPU
		{C8E9A26E-EF12-4A61-91E7-E92C8BF2C9C6}.Release|Mixed Platforms.ActiveCfg = Release|Any CPU
		{C8E9A26E-EF12-4A61-91E7-E92C8BF2C9C6}.Release|Mixed Platforms.Build.0 = Release|Any CPU
		{C8E9A26E-EF12-4A61-91E7-E92C8BF2C9C6}.Release|x86.ActiveCfg = Release|Any CPU
		{3614A308-9C7A-45D7-AD5A-1ECC21F6DAB8}.Debug|Any CPU.ActiveCfg = Debug|Any CPU
		{3614A308-9C7A-45D7-AD5A-1ECC21F6DAB8}.Debug|Any CPU.Build.0 = Debug|Any CPU
		{3614A308-9C7A-45D7-AD5A-1ECC21F6DAB8}.Debug|Mixed Platforms.ActiveCfg = Debug|Any CPU
		{3614A308-9C7A-45D7-AD5A-1ECC21F6DAB8}.Debug|Mixed Platforms.Build.0 = Debug|Any CPU
		{3614A308-9C7A-45D7-AD5A-1ECC21F6DAB8}.Debug|x86.ActiveCfg = Debug|Any CPU
		{3614A308-9C7A-45D7-AD5A-1ECC21F6DAB8}.Development|Any CPU.ActiveCfg = Debug|Any CPU
		{3614A308-9C7A-45D7-AD5A-1ECC21F6DAB8}.Development|Any CPU.Build.0 = Debug|Any CPU
		{3614A308-9C7A-45D7-AD5A-1ECC21F6DAB8}.Development|Mixed Platforms.ActiveCfg = Debug|Any CPU
		{3614A308-9C7A-45D7-AD5A-1ECC21F6DAB8}.Development|Mixed Platforms.Build.0 = Debug|Any CPU
		{3614A308-9C7A-45D7-AD5A-1ECC21F6DAB8}.Development|x86.ActiveCfg = Debug|Any CPU
		{3614A308-9C7A-45D7-AD5A-1ECC21F6DAB8}.Release|Any CPU.ActiveCfg = Release|Any CPU
		{3614A308-9C7A-45D7-AD5A-1ECC21F6DAB8}.Release|Any CPU.Build.0 = Release|Any CPU
		{3614A308-9C7A-45D7-AD5A-1ECC21F6DAB8}.Release|Mixed Platforms.ActiveCfg = Release|Any CPU
		{3614A308-9C7A-45D7-AD5A-1ECC21F6DAB8}.Release|Mixed Platforms.Build.0 = Release|Any CPU
		{3614A308-9C7A-45D7-AD5A-1ECC21F6DAB8}.Release|x86.ActiveCfg = Release|Any CPU
		{86E14BBD-B2B8-4A9D-8E24-D177BC130D61}.Debug|Any CPU.ActiveCfg = Debug|Any CPU
		{86E14BBD-B2B8-4A9D-8E24-D177BC130D61}.Debug|Any CPU.Build.0 = Debug|Any CPU
		{86E14BBD-B2B8-4A9D-8E24-D177BC130D61}.Debug|Mixed Platforms.ActiveCfg = Debug|Any CPU
		{86E14BBD-B2B8-4A9D-8E24-D177BC130D61}.Debug|Mixed Platforms.Build.0 = Debug|Any CPU
		{86E14BBD-B2B8-4A9D-8E24-D177BC130D61}.Debug|x86.ActiveCfg = Debug|Any CPU
		{86E14BBD-B2B8-4A9D-8E24-D177BC130D61}.Development|Any CPU.ActiveCfg = Debug|Any CPU
		{86E14BBD-B2B8-4A9D-8E24-D177BC130D61}.Development|Any CPU.Build.0 = Debug|Any CPU
		{86E14BBD-B2B8-4A9D-8E24-D177BC130D61}.Development|Mixed Platforms.ActiveCfg = Debug|Any CPU
		{86E14BBD-B2B8-4A9D-8E24-D177BC130D61}.Development|Mixed Platforms.Build.0 = Debug|Any CPU
		{86E14BBD-B2B8-4A9D-8E24-D177BC130D61}.Development|x86.ActiveCfg = Debug|Any CPU
		{86E14BBD-B2B8-4A9D-8E24-D177BC130D61}.Release|Any CPU.ActiveCfg = Release|Any CPU
		{86E14BBD-B2B8-4A9D-8E24-D177BC130D61}.Release|Any CPU.Build.0 = Release|Any CPU
		{86E14BBD-B2B8-4A9D-8E24-D177BC130D61}.Release|Mixed Platforms.ActiveCfg = Release|Any CPU
		{86E14BBD-B2B8-4A9D-8E24-D177BC130D61}.Release|Mixed Platforms.Build.0 = Release|Any CPU
		{86E14BBD-B2B8-4A9D-8E24-D177BC130D61}.Release|x86.ActiveCfg = Release|Any CPU
		{40B93980-8DF4-4EE1-B5A2-6762DBE63B31}.Debug|Any CPU.ActiveCfg = Debug|Any CPU
		{40B93980-8DF4-4EE1-B5A2-6762DBE63B31}.Debug|Any CPU.Build.0 = Debug|Any CPU
		{40B93980-8DF4-4EE1-B5A2-6762DBE63B31}.Debug|Mixed Platforms.ActiveCfg = Debug|Any CPU
		{40B93980-8DF4-4EE1-B5A2-6762DBE63B31}.Debug|Mixed Platforms.Build.0 = Debug|Any CPU
		{40B93980-8DF4-4EE1-B5A2-6762DBE63B31}.Debug|x86.ActiveCfg = Debug|Any CPU
		{40B93980-8DF4-4EE1-B5A2-6762DBE63B31}.Development|Any CPU.ActiveCfg = Debug|Any CPU
		{40B93980-8DF4-4EE1-B5A2-6762DBE63B31}.Development|Any CPU.Build.0 = Debug|Any CPU
		{40B93980-8DF4-4EE1-B5A2-6762DBE63B31}.Development|Mixed Platforms.ActiveCfg = Debug|Any CPU
		{40B93980-8DF4-4EE1-B5A2-6762DBE63B31}.Development|Mixed Platforms.Build.0 = Debug|Any CPU
		{40B93980-8DF4-4EE1-B5A2-6762DBE63B31}.Development|x86.ActiveCfg = Debug|Any CPU
		{40B93980-8DF4-4EE1-B5A2-6762DBE63B31}.Release|Any CPU.ActiveCfg = Release|Any CPU
		{40B93980-8DF4-4EE1-B5A2-6762DBE63B31}.Release|Any CPU.Build.0 = Release|Any CPU
		{40B93980-8DF4-4EE1-B5A2-6762DBE63B31}.Release|Mixed Platforms.ActiveCfg = Release|Any CPU
		{40B93980-8DF4-4EE1-B5A2-6762DBE63B31}.Release|Mixed Platforms.Build.0 = Release|Any CPU
		{40B93980-8DF4-4EE1-B5A2-6762DBE63B31}.Release|x86.ActiveCfg = Release|Any CPU
		{2D35A382-E73F-4F10-BDD0-AED372A6230A}.Debug|Any CPU.ActiveCfg = Debug|x86
		{2D35A382-E73F-4F10-BDD0-AED372A6230A}.Debug|Mixed Platforms.ActiveCfg = Debug|x86
		{2D35A382-E73F-4F10-BDD0-AED372A6230A}.Debug|Mixed Platforms.Build.0 = Debug|x86
		{2D35A382-E73F-4F10-BDD0-AED372A6230A}.Debug|x86.ActiveCfg = Debug|x86
		{2D35A382-E73F-4F10-BDD0-AED372A6230A}.Debug|x86.Build.0 = Debug|x86
		{2D35A382-E73F-4F10-BDD0-AED372A6230A}.Development|Any CPU.ActiveCfg = Debug|x86
		{2D35A382-E73F-4F10-BDD0-AED372A6230A}.Development|Mixed Platforms.ActiveCfg = Debug|x86
		{2D35A382-E73F-4F10-BDD0-AED372A6230A}.Development|Mixed Platforms.Build.0 = Debug|x86
		{2D35A382-E73F-4F10-BDD0-AED372A6230A}.Development|x86.ActiveCfg = Debug|x86
		{2D35A382-E73F-4F10-BDD0-AED372A6230A}.Development|x86.Build.0 = Debug|x86
		{2D35A382-E73F-4F10-BDD0-AED372A6230A}.Release|Any CPU.ActiveCfg = Release|x86
		{2D35A382-E73F-4F10-BDD0-AED372A6230A}.Release|Mixed Platforms.ActiveCfg = Release|x86
		{2D35A382-E73F-4F10-BDD0-AED372A6230A}.Release|Mixed Platforms.Build.0 = Release|x86
		{2D35A382-E73F-4F10-BDD0-AED372A6230A}.Release|x86.ActiveCfg = Release|x86
		{2D35A382-E73F-4F10-BDD0-AED372A6230A}.Release|x86.Build.0 = Release|x86
		{10B6F3F9-DADE-42C7-87F1-0EE9B504D9A1}.Debug|Any CPU.ActiveCfg = Debug|x86
		{10B6F3F9-DADE-42C7-87F1-0EE9B504D9A1}.Debug|Mixed Platforms.ActiveCfg = Debug|x86
		{10B6F3F9-DADE-42C7-87F1-0EE9B504D9A1}.Debug|Mixed Platforms.Build.0 = Debug|x86
		{10B6F3F9-DADE-42C7-87F1-0EE9B504D9A1}.Debug|x86.ActiveCfg = Debug|x86
		{10B6F3F9-DADE-42C7-87F1-0EE9B504D9A1}.Debug|x86.Build.0 = Debug|x86
		{10B6F3F9-DADE-42C7-87F1-0EE9B504D9A1}.Development|Any CPU.ActiveCfg = Debug|x86
		{10B6F3F9-DADE-42C7-87F1-0EE9B504D9A1}.Development|Mixed Platforms.ActiveCfg = Debug|x86
		{10B6F3F9-DADE-42C7-87F1-0EE9B504D9A1}.Development|Mixed Platforms.Build.0 = Debug|x86
		{10B6F3F9-DADE-42C7-87F1-0EE9B504D9A1}.Development|x86.ActiveCfg = Debug|x86
		{10B6F3F9-DADE-42C7-87F1-0EE9B504D9A1}.Development|x86.Build.0 = Debug|x86
		{10B6F3F9-DADE-42C7-87F1-0EE9B504D9A1}.Release|Any CPU.ActiveCfg = Release|x86
		{10B6F3F9-DADE-42C7-87F1-0EE9B504D9A1}.Release|Mixed Platforms.ActiveCfg = Release|x86
		{10B6F3F9-DADE-42C7-87F1-0EE9B504D9A1}.Release|Mixed Platforms.Build.0 = Release|x86
		{10B6F3F9-DADE-42C7-87F1-0EE9B504D9A1}.Release|x86.ActiveCfg = Release|x86
		{10B6F3F9-DADE-42C7-87F1-0EE9B504D9A1}.Release|x86.Build.0 = Release|x86
	EndGlobalSection
	GlobalSection(SolutionProperties) = preSolution
		HideSolutionNode = FALSE
	EndGlobalSection
EndGlobal
